
Microsoft Visual Studio Solution File, Format Version 12.00
# Visual Studio 15
VisualStudioVersion = 15.0.26124.0
MinimumVisualStudioVersion = 15.0.26124.0
Project("{2150E333-8FDC-42A3-9474-1A3956D46DE8}") = "src", "src", "{1AAF21B2-4F79-447C-A156-7AB00567A7B7}"
EndProject
Project("{FAE04EC0-301F-11D3-BF4B-00C04F79EFBC}") = "gradebook", "src\gradebook\gradebook.csproj", "{46EF5F64-9610-475E-9936-BB4EE0467022}"
EndProject
Project("{2150E333-8FDC-42A3-9474-1A3956D46DE8}") = "test", "test", "{A897C1C0-D7D5-4378-A140-A9A0ED907693}"
EndProject
Project("{FAE04EC0-301F-11D3-BF4B-00C04F79EFBC}") = "gradebook.tests", "test\gradebook.tests\gradebook.tests.csproj", "{887B324D-8F5A-4D94-A8B8-3EE544A72268}"
EndProject
Global
	GlobalSection(SolutionConfigurationPlatforms) = preSolution
		Debug|Any CPU = Debug|Any CPU
		Debug|x64 = Debug|x64
		Debug|x86 = Debug|x86
		Release|Any CPU = Release|Any CPU
		Release|x64 = Release|x64
		Release|x86 = Release|x86
	EndGlobalSection
	GlobalSection(SolutionProperties) = preSolution
		HideSolutionNode = FALSE
	EndGlobalSection
	GlobalSection(ProjectConfigurationPlatforms) = postSolution
		{46EF5F64-9610-475E-9936-BB4EE0467022}.Debug|Any CPU.ActiveCfg = Debug|Any CPU
		{46EF5F64-9610-475E-9936-BB4EE0467022}.Debug|Any CPU.Build.0 = Debug|Any CPU
		{46EF5F64-9610-475E-9936-BB4EE0467022}.Debug|x64.ActiveCfg = Debug|Any CPU
		{46EF5F64-9610-475E-9936-BB4EE0467022}.Debug|x64.Build.0 = Debug|Any CPU
		{46EF5F64-9610-475E-9936-BB4EE0467022}.Debug|x86.ActiveCfg = Debug|Any CPU
		{46EF5F64-9610-475E-9936-BB4EE0467022}.Debug|x86.Build.0 = Debug|Any CPU
		{46EF5F64-9610-475E-9936-BB4EE0467022}.Release|Any CPU.ActiveCfg = Release|Any CPU
		{46EF5F64-9610-475E-9936-BB4EE0467022}.Release|Any CPU.Build.0 = Release|Any CPU
		{46EF5F64-9610-475E-9936-BB4EE0467022}.Release|x64.ActiveCfg = Release|Any CPU
		{46EF5F64-9610-475E-9936-BB4EE0467022}.Release|x64.Build.0 = Release|Any CPU
		{46EF5F64-9610-475E-9936-BB4EE0467022}.Release|x86.ActiveCfg = Release|Any CPU
		{46EF5F64-9610-475E-9936-BB4EE0467022}.Release|x86.Build.0 = Release|Any CPU
		{887B324D-8F5A-4D94-A8B8-3EE544A72268}.Debug|Any CPU.ActiveCfg = Debug|Any CPU
		{887B324D-8F5A-4D94-A8B8-3EE544A72268}.Debug|Any CPU.Build.0 = Debug|Any CPU
		{887B324D-8F5A-4D94-A8B8-3EE544A72268}.Debug|x64.ActiveCfg = Debug|Any CPU
		{887B324D-8F5A-4D94-A8B8-3EE544A72268}.Debug|x64.Build.0 = Debug|Any CPU
		{887B324D-8F5A-4D94-A8B8-3EE544A72268}.Debug|x86.ActiveCfg = Debug|Any CPU
		{887B324D-8F5A-4D94-A8B8-3EE544A72268}.Debug|x86.Build.0 = Debug|Any CPU
		{887B324D-8F5A-4D94-A8B8-3EE544A72268}.Release|Any CPU.ActiveCfg = Release|Any CPU
		{887B324D-8F5A-4D94-A8B8-3EE544A72268}.Release|Any CPU.Build.0 = Release|Any CPU
		{887B324D-8F5A-4D94-A8B8-3EE544A72268}.Release|x64.ActiveCfg = Release|Any CPU
		{887B324D-8F5A-4D94-A8B8-3EE544A72268}.Release|x64.Build.0 = Release|Any CPU
		{887B324D-8F5A-4D94-A8B8-3EE544A72268}.Release|x86.ActiveCfg = Release|Any CPU
		{887B324D-8F5A-4D94-A8B8-3EE544A72268}.Release|x86.Build.0 = Release|Any CPU
	EndGlobalSection
	GlobalSection(NestedProjects) = preSolution
		{46EF5F64-9610-475E-9936-BB4EE0467022} = {1AAF21B2-4F79-447C-A156-7AB00567A7B7}
		{887B324D-8F5A-4D94-A8B8-3EE544A72268} = {A897C1C0-D7D5-4378-A140-A9A0ED907693}
	EndGlobalSection
EndGlobal
